
Microsoft Visual Studio Solution File, Format Version 12.00
# Visual Studio Version 17
VisualStudioVersion = 17.5.33414.496
MinimumVisualStudioVersion = 10.0.40219.1
Project("{FAE04EC0-301F-11D3-BF4B-00C04F79EFBC}") = "CarTrader", "CarTrader.csproj", "{DD358BDB-A768-4C40-B04F-80065EEDEFCB}"
EndProject
Global
	GlobalSection(SolutionConfigurationPlatforms) = preSolution
		Debug|Any CPU = Debug|Any CPU
		Release|Any CPU = Release|Any CPU
	EndGlobalSection
	GlobalSection(ProjectConfigurationPlatforms) = postSolution
		{DD358BDB-A768-4C40-B04F-80065EEDEFCB}.Debug|Any CPU.ActiveCfg = Debug|Any CPU
		{DD358BDB-A768-4C40-B04F-80065EEDEFCB}.Debug|Any CPU.Build.0 = Debug|Any CPU
		{DD358BDB-A768-4C40-B04F-80065EEDEFCB}.Release|Any CPU.ActiveCfg = Release|Any CPU
		{DD358BDB-A768-4C40-B04F-80065EEDEFCB}.Release|Any CPU.Build.0 = Release|Any CPU
	EndGlobalSection
	GlobalSection(SolutionProperties) = preSolution
		HideSolutionNode = FALSE
	EndGlobalSection
	GlobalSection(ExtensibilityGlobals) = postSolution
		SolutionGuid = {689D03F9-91E0-405E-8A1F-589F14A0A0FB}
	EndGlobalSection
EndGlobal
